
Microsoft Visual Studio Solution File, Format Version 12.00
# Visual Studio Version 16
VisualStudioVersion = 16.0.30503.244
MinimumVisualStudioVersion = 10.0.40219.1
Project("{FAE04EC0-301F-11D3-BF4B-00C04F79EFBC}") = "MRL 1", "MRL 1\MRL 1.csproj", "{7E478BA5-D9EB-4153-8737-A805D0479A4C}"
EndProject
Project("{FAE04EC0-301F-11D3-BF4B-00C04F79EFBC}") = "MRL 2", "MRL 2\MRL 2.csproj", "{20765C6F-1283-4745-B8D9-C087F4517946}"
EndProject
Global
	GlobalSection(SolutionConfigurationPlatforms) = preSolution
		Debug|Any CPU = Debug|Any CPU
		Release|Any CPU = Release|Any CPU
	EndGlobalSection
	GlobalSection(ProjectConfigurationPlatforms) = postSolution
		{7E478BA5-D9EB-4153-8737-A805D0479A4C}.Debug|Any CPU.ActiveCfg = Debug|Any CPU
		{7E478BA5-D9EB-4153-8737-A805D0479A4C}.Debug|Any CPU.Build.0 = Debug|Any CPU
		{7E478BA5-D9EB-4153-8737-A805D0479A4C}.Release|Any CPU.ActiveCfg = Release|Any CPU
		{7E478BA5-D9EB-4153-8737-A805D0479A4C}.Release|Any CPU.Build.0 = Release|Any CPU
		{20765C6F-1283-4745-B8D9-C087F4517946}.Debug|Any CPU.ActiveCfg = Debug|Any CPU
		{20765C6F-1283-4745-B8D9-C087F4517946}.Debug|Any CPU.Build.0 = Debug|Any CPU
		{20765C6F-1283-4745-B8D9-C087F4517946}.Release|Any CPU.ActiveCfg = Release|Any CPU
		{20765C6F-1283-4745-B8D9-C087F4517946}.Release|Any CPU.Build.0 = Release|Any CPU
	EndGlobalSection
	GlobalSection(SolutionProperties) = preSolution
		HideSolutionNode = FALSE
	EndGlobalSection
	GlobalSection(ExtensibilityGlobals) = postSolution
		SolutionGuid = {FC8F352A-20D7-4595-8658-413432674D92}
	EndGlobalSection
EndGlobal
